// !$*UTF8*$!
{
	archiveVersion = 1;
	classes = {
	};
	objectVersion = 50;
	objects = {

/* Begin PBXBuildFile section */
		EB520D86218C8CC600C62FC2 /* AppDelegate.m in Sources */ = {isa = PBXBuildFile; fileRef = EB520D85218C8CC600C62FC2 /* AppDelegate.m */; };
		EB520D89218C8CC600C62FC2 /* ViewController.m in Sources */ = {isa = PBXBuildFile; fileRef = EB520D88218C8CC600C62FC2 /* ViewController.m */; };
		EB520D8C218C8CC600C62FC2 /* Main.storyboard in Resources */ = {isa = PBXBuildFile; fileRef = EB520D8A218C8CC600C62FC2 /* Main.storyboard */; };
		EB520D8E218C8CC700C62FC2 /* Assets.xcassets in Resources */ = {isa = PBXBuildFile; fileRef = EB520D8D218C8CC700C62FC2 /* Assets.xcassets */; };
		EB520D91218C8CC700C62FC2 /* LaunchScreen.storyboard in Resources */ = {isa = PBXBuildFile; fileRef = EB520D8F218C8CC700C62FC2 /* LaunchScreen.storyboard */; };
		EB520D94218C8CC700C62FC2 /* main.m in Sources */ = {isa = PBXBuildFile; fileRef = EB520D93218C8CC700C62FC2 /* main.m */; };
		EB520D9C218C8CF500C62FC2 /* TestViewController.m in Sources */ = {isa = PBXBuildFile; fileRef = EB520D9B218C8CF500C62FC2 /* TestViewController.m */; };
		EB520D9F218C8D3C00C62FC2 /* GHTransitionAnimation.m in Sources */ = {isa = PBXBuildFile; fileRef = EB520D9E218C8D3C00C62FC2 /* GHTransitionAnimation.m */; };
		EB520DA2218C941F00C62FC2 /* IMG_0001.png in Resources */ = {isa = PBXBuildFile; fileRef = EB520DA1218C941E00C62FC2 /* IMG_0001.png */; };
/* End PBXBuildFile section */

/* Begin PBXFileReference section */
		EB520D81218C8CC600C62FC2 /* transportAnimation.app */ = {isa = PBXFileReference; explicitFileType = wrapper.application; includeInIndex = 0; path = transportAnimation.app; sourceTree = BUILT_PRODUCTS_DIR; };
		EB520D84218C8CC600C62FC2 /* AppDelegate.h */ = {isa = PBXFileReference; lastKnownFileType = sourcecode.c.h; path = AppDelegate.h; sourceTree = "<group>"; };
		EB520D85218C8CC600C62FC2 /* AppDelegate.m */ = {isa = PBXFileReference; lastKnownFileType = sourcecode.c.objc; path = AppDelegate.m; sourceTree = "<group>"; };
		EB520D87218C8CC600C62FC2 /* ViewController.h */ = {isa = PBXFileReference; lastKnownFileType = sourcecode.c.h; path = ViewController.h; sourceTree = "<group>"; };
		EB520D88218C8CC600C62FC2 /* ViewController.m */ = {isa = PBXFileReference; lastKnownFileType = sourcecode.c.objc; path = ViewController.m; sourceTree = "<group>"; };
		EB520D8B218C8CC600C62FC2 /* Base */ = {isa = PBXFileReference; lastKnownFileType = file.storyboard; name = Base; path = Base.lproj/Main.storyboard; sourceTree = "<group>"; };
		EB520D8D218C8CC700C62FC2 /* Assets.xcassets */ = {isa = PBXFileReference; lastKnownFileType = folder.assetcatalog; path = Assets.xcassets; sourceTree = "<group>"; };
		EB520D90218C8CC700C62FC2 /* Base */ = {isa = PBXFileReference; lastKnownFileType = file.storyboard; name = Base; path = Base.lproj/LaunchScreen.storyboard; sourceTree = "<group>"; };
		EB520D92218C8CC700C62FC2 /* Info.plist */ = {isa = PBXFileReference; lastKnownFileType = text.plist.xml; path = Info.plist; sourceTree = "<group>"; };
		EB520D93218C8CC700C62FC2 /* main.m */ = {isa = PBXFileReference; lastKnownFileType = sourcecode.c.objc; path = main.m; sourceTree = "<group>"; };
		EB520D9A218C8CF500C62FC2 /* TestViewController.h */ = {isa = PBXFileReference; lastKnownFileType = sourcecode.c.h; path = TestViewController.h; sourceTree = "<group>"; };
		EB520D9B218C8CF500C62FC2 /* TestViewController.m */ = {isa = PBXFileReference; lastKnownFileType = sourcecode.c.objc; path = TestViewController.m; sourceTree = "<group>"; };
		EB520D9D218C8D3C00C62FC2 /* GHTransitionAnimation.h */ = {isa = PBXFileReference; lastKnownFileType = sourcecode.c.h; path = GHTransitionAnimation.h; sourceTree = "<group>"; };
		EB520D9E218C8D3C00C62FC2 /* GHTransitionAnimation.m */ = {isa = PBXFileReference; lastKnownFileType = sourcecode.c.objc; path = GHTransitionAnimation.m; sourceTree = "<group>"; };
		EB520DA0218C92D700C62FC2 /* PrefixHeader.pch */ = {isa = PBXFileReference; lastKnownFileType = sourcecode.c.h; path = PrefixHeader.pch; sourceTree = "<group>"; };
		EB520DA1218C941E00C62FC2 /* IMG_0001.png */ = {isa = PBXFileReference; lastKnownFileType = image.png; path = IMG_0001.png; sourceTree = "<group>"; };
/* End PBXFileReference section */

/* Begin PBXFrameworksBuildPhase section */
		EB520D7E218C8CC600C62FC2 /* Frameworks */ = {
			isa = PBXFrameworksBuildPhase;
			buildActionMask = 2147483647;
			files = (
			);
			runOnlyForDeploymentPostprocessing = 0;
		};
/* End PBXFrameworksBuildPhase section */

/* Begin PBXGroup section */
		EB520D78218C8CC600C62FC2 = {
			isa = PBXGroup;
			children = (
				EB520D83218C8CC600C62FC2 /* transportAnimation */,
				EB520D82218C8CC600C62FC2 /* Products */,
			);
			sourceTree = "<group>";
		};
		EB520D82218C8CC600C62FC2 /* Products */ = {
			isa = PBXGroup;
			children = (
				EB520D81218C8CC600C62FC2 /* transportAnimation.app */,
			);
			name = Products;
			sourceTree = "<group>";
		};
		EB520D83218C8CC600C62FC2 /* transportAnimation */ = {
			isa = PBXGroup;
			children = (
				EB520D84218C8CC600C62FC2 /* AppDelegate.h */,
				EB520D85218C8CC600C62FC2 /* AppDelegate.m */,
				EB520DA1218C941E00C62FC2 /* IMG_0001.png */,
				EB520D87218C8CC600C62FC2 /* ViewController.h */,
				EB520D88218C8CC600C62FC2 /* ViewController.m */,
				EB520D9A218C8CF500C62FC2 /* TestViewController.h */,
				EB520D9B218C8CF500C62FC2 /* TestViewController.m */,
				EB520D9D218C8D3C00C62FC2 /* GHTransitionAnimation.h */,
				EB520D9E218C8D3C00C62FC2 /* GHTransitionAnimation.m */,
				EB520DA0218C92D700C62FC2 /* PrefixHeader.pch */,
				EB520D8A218C8CC600C62FC2 /* Main.storyboard */,
				EB520D8D218C8CC700C62FC2 /* Assets.xcassets */,
				EB520D8F218C8CC700C62FC2 /* LaunchScreen.storyboard */,
				EB520D92218C8CC700C62FC2 /* Info.plist */,
				EB520D93218C8CC700C62FC2 /* main.m */,
			);
			path = transportAnimation;
			sourceTree = "<group>";
		};
/* End PBXGroup section */

/* Begin PBXNativeTarget section */
		EB520D80218C8CC600C62FC2 /* transportAnimation */ = {
			isa = PBXNativeTarget;
			buildConfigurationList = EB520D97218C8CC700C62FC2 /* Build configuration list for PBXNativeTarget "transportAnimation" */;
			buildPhases = (
				EB520D7D218C8CC600C62FC2 /* Sources */,
				EB520D7E218C8CC600C62FC2 /* Frameworks */,
				EB520D7F218C8CC600C62FC2 /* Resources */,
			);
			buildRules = (
			);
			dependencies = (
			);
			name = transportAnimation;
			productName = transportAnimation;
			productReference = EB520D81218C8CC600C62FC2 /* transportAnimation.app */;
			productType = "com.apple.product-type.application";
		};
/* End PBXNativeTarget section */

/* Begin PBXProject section */
		EB520D79218C8CC600C62FC2 /* Project object */ = {
			isa = PBXProject;
			attributes = {
				LastUpgradeCheck = 1010;
				ORGANIZATIONNAME = sunriseos;
				TargetAttributes = {
					EB520D80218C8CC600C62FC2 = {
						CreatedOnToolsVersion = 10.1;
					};
				};
			};
			buildConfigurationList = EB520D7C218C8CC600C62FC2 /* Build configuration list for PBXProject "transportAnimation" */;
			compatibilityVersion = "Xcode 9.3";
			developmentRegion = en;
			hasScannedForEncodings = 0;
			knownRegions = (
				en,
				Base,
			);
			mainGroup = EB520D78218C8CC600C62FC2;
			productRefGroup = EB520D82218C8CC600C62FC2 /* Products */;
			projectDirPath = "";
			projectRoot = "";
			targets = (
				EB520D80218C8CC600C62FC2 /* transportAnimation */,
			);
		};
/* End PBXProject section */

/* Begin PBXResourcesBuildPhase section */
		EB520D7F218C8CC600C62FC2 /* Resources */ = {
			isa = PBXResourcesBuildPhase;
			buildActionMask = 2147483647;
			files = (
				EB520DA2218C941F00C62FC2 /* IMG_0001.png in Resources */,
				EB520D91218C8CC700C62FC2 /* LaunchScreen.storyboard in Resources */,
				EB520D8E218C8CC700C62FC2 /* Assets.xcassets in Resources */,
				EB520D8C218C8CC600C62FC2 /* Main.storyboard in Resources */,
			);
			runOnlyForDeploymentPostprocessing = 0;
		};
/* End PBXResourcesBuildPhase section */

/* Begin PBXSourcesBuildPhase section */
		EB520D7D218C8CC600C62FC2 /* Sources */ = {
			isa = PBXSourcesBuildPhase;
			buildActionMask = 2147483647;
			files = (
				EB520D89218C8CC600C62FC2 /* ViewController.m in Sources */,
				EB520D94218C8CC700C62FC2 /* main.m in Sources */,
				EB520D9F218C8D3C00C62FC2 /* GHTransitionAnimation.m in Sources */,
				EB520D9C218C8CF500C62FC2 /* TestViewController.m in Sources */,
				EB520D86218C8CC600C62FC2 /* AppDelegate.m in Sources */,
			);
			runOnlyForDeploymentPostprocessing = 0;
		};
/* End PBXSourcesBuildPhase section */

/* Begin PBXVariantGroup section */
		EB520D8A218C8CC600C62FC2 /* Main.storyboard */ = {
			isa = PBXVariantGroup;
			children = (
				EB520D8B218C8CC600C62FC2 /* Base */,
			);
			name = Main.storyboard;
			sourceTree = "<group>";
		};
		EB520D8F218C8CC700C62FC2 /* LaunchScreen.storyboard */ = {
			isa = PBXVariantGroup;
			children = (
				EB520D90218C8CC700C62FC2 /* Base */,
			);
			name = LaunchScreen.storyboard;
			sourceTree = "<group>";
		};
/* End PBXVariantGroup section */

/* Begin XCBuildConfiguration section */
		EB520D95218C8CC700C62FC2 /* Debug */ = {
			isa = XCBuildConfiguration;
			buildSettings = {
				ALWAYS_SEARCH_USER_PATHS = NO;
				CLANG_ANALYZER_NONNULL = YES;
				CLANG_ANALYZER_NUMBER_OBJECT_CONVERSION = YES_AGGRESSIVE;
				CLANG_CXX_LANGUAGE_STANDARD = "gnu++14";
				CLANG_CXX_LIBRARY = "libc++";
				CLANG_ENABLE_MODULES = YES;
				CLANG_ENABLE_OBJC_ARC = YES;
				CLANG_ENABLE_OBJC_WEAK = YES;
				CLANG_WARN_BLOCK_CAPTURE_AUTORELEASING = YES;
				CLANG_WARN_BOOL_CONVERSION = YES;
				CLANG_WARN_COMMA = YES;
				CLANG_WARN_CONSTANT_CONVERSION = YES;
				CLANG_WARN_DEPRECATED_OBJC_IMPLEMENTATIONS = YES;
				CLANG_WARN_DIRECT_OBJC_ISA_USAGE = YES_ERROR;
				CLANG_WARN_DOCUMENTATION_COMMENTS = YES;
				CLANG_WARN_EMPTY_BODY = YES;
				CLANG_WARN_ENUM_CONVERSION = YES;
				CLANG_WARN_INFINITE_RECURSION = YES;
				CLANG_WARN_INT_CONVERSION = YES;
				CLANG_WARN_NON_LITERAL_NULL_CONVERSION = YES;
				CLANG_WARN_OBJC_IMPLICIT_RETAIN_SELF = YES;
				CLANG_WARN_OBJC_LITERAL_CONVERSION = YES;
				CLANG_WARN_OBJC_ROOT_CLASS = YES_ERROR;
				CLANG_WARN_RANGE_LOOP_ANALYSIS = YES;
				CLANG_WARN_STRICT_PROTOTYPES = YES;
				CLANG_WARN_SUSPICIOUS_MOVE = YES;
				CLANG_WARN_UNGUARDED_AVAILABILITY = YES_AGGRESSIVE;
				CLANG_WARN_UNREACHABLE_CODE = YES;
				CLANG_WARN__DUPLICATE_METHOD_MATCH = YES;
				CODE_SIGN_IDENTITY = "iPhone Developer";
				COPY_PHASE_STRIP = NO;
				DEBUG_INFORMATION_FORMAT = dwarf;
				ENABLE_STRICT_OBJC_MSGSEND = YES;
				ENABLE_TESTABILITY = YES;
				GCC_C_LANGUAGE_STANDARD = gnu11;
				GCC_DYNAMIC_NO_PIC = NO;
				GCC_NO_COMMON_BLOCKS = YES;
				GCC_OPTIMIZATION_LEVEL = 0;
				GCC_PREPROCESSOR_DEFINITIONS = (
					"DEBUG=1",
					"$(inherited)",
				);
				GCC_WARN_64_TO_32_BIT_CONVERSION = YES;
				GCC_WARN_ABOUT_RETURN_TYPE = YES_ERROR;
				GCC_WARN_UNDECLARED_SELECTOR = YES;
				GCC_WARN_UNINITIALIZED_AUTOS = YES_AGGRESSIVE;
				GCC_WARN_UNUSED_FUNCTION = YES;
				GCC_WARN_UNUSED_VARIABLE = YES;
				IPHONEOS_DEPLOYMENT_TARGET = 12.1;
				MTL_ENABLE_DEBUG_INFO = INCLUDE_SOURCE;
				MTL_FAST_MATH = YES;
				ONLY_ACTIVE_ARCH = YES;
				SDKROOT = iphoneos;
			};
			name = Debug;
		};
		EB520D96218C8CC700C62FC2 /* Release */ = {
			isa = XCBuildConfiguration;
			buildSettings = {
				ALWAYS_SEARCH_USER_PATHS = NO;
				CLANG_ANALYZER_NONNULL = YES;
				CLANG_ANALYZER_NUMBER_OBJECT_CONVERSION = YES_AGGRESSIVE;
				CLANG_CXX_LANGUAGE_STANDARD = "gnu++14";
				CLANG_CXX_LIBRARY = "libc++";
				CLANG_ENABLE_MODULES = YES;
				CLANG_ENABLE_OBJC_ARC = YES;
				CLANG_ENABLE_OBJC_WEAK = YES;
				CLANG_WARN_BLOCK_CAPTURE_AUTORELEASING = YES;
				CLANG_WARN_BOOL_CONVERSION = YES;
				CLANG_WARN_COMMA = YES;
				CLANG_WARN_CONSTANT_CONVERSION = YES;
				CLANG_WARN_DEPRECATED_OBJC_IMPLEMENTATIONS = YES;
				CLANG_WARN_DIRECT_OBJC_ISA_USAGE = YES_ERROR;
				CLANG_WARN_DOCUMENTATION_COMMENTS = YES;
				CLANG_WARN_EMPTY_BODY = YES;
				CLANG_WARN_ENUM_CONVERSION = YES;
				CLANG_WARN_INFINITE_RECURSION = YES;
				CLANG_WARN_INT_CONVERSION = YES;
				CLANG_WARN_NON_LITERAL_NULL_CONVERSION = YES;
				CLANG_WARN_OBJC_IMPLICIT_RETAIN_SELF = YES;
				CLANG_WARN_OBJC_LITERAL_CONVERSION = YES;
				CLANG_WARN_OBJC_ROOT_CLASS = YES_ERROR;
				CLANG_WARN_RANGE_LOOP_ANALYSIS = YES;
				CLANG_WARN_STRICT_PROTOTYPES = YES;
				CLANG_WARN_SUSPICIOUS_MOVE = YES;
				CLANG_WARN_UNGUARDED_AVAILABILITY = YES_AGGRESSIVE;
				CLANG_WARN_UNREACHABLE_CODE = YES;
				CLANG_WARN__DUPLICATE_METHOD_MATCH = YES;
				CODE_SIGN_IDENTITY = "iPhone Developer";
				COPY_PHASE_STRIP = NO;
				DEBUG_INFORMATION_FORMAT = "dwarf-with-dsym";
				ENABLE_NS_ASSERTIONS = NO;
				ENABLE_STRICT_OBJC_MSGSEND = YES;
				GCC_C_LANGUAGE_STANDARD = gnu11;
				GCC_NO_COMMON_BLOCKS = YES;
				GCC_WARN_64_TO_32_BIT_CONVERSION = YES;
				GCC_WARN_ABOUT_RETURN_TYPE = YES_ERROR;
				GCC_WARN_UNDECLARED_SELECTOR = YES;
				GCC_WARN_UNINITIALIZED_AUTOS = YES_AGGRESSIVE;
				GCC_WARN_UNUSED_FUNCTION = YES;
				GCC_WARN_UNUSED_VARIABLE = YES;
				IPHONEOS_DEPLOYMENT_TARGET = 12.1;
				MTL_ENABLE_DEBUG_INFO = NO;
				MTL_FAST_MATH = YES;
				SDKROOT = iphoneos;
				VALIDATE_PRODUCT = YES;
			};
			name = Release;
		};
		EB520D98218C8CC700C62FC2 /* Debug */ = {
			isa = XCBuildConfiguration;
			buildSettings = {
				ASSETCATALOG_COMPILER_APPICON_NAME = AppIcon;
				CODE_SIGN_STYLE = Automatic;
				DEVELOPMENT_TEAM = 52RYH62X37;
				GCC_PREFIX_HEADER = "$(SRCROOT)/transportAnimation/PrefixHeader.pch";
				INFOPLIST_FILE = transportAnimation/Info.plist;
				LD_RUNPATH_SEARCH_PATHS = (
					"$(inherited)",
					"@executable_path/Frameworks",
				);
				PRODUCT_BUNDLE_IDENTIFIER = com.zhaojiafang.printerService.transportAnimation;
				PRODUCT_NAME = "$(TARGET_NAME)";
				TARGETED_DEVICE_FAMILY = "1,2";
			};
			name = Debug;
		};
		EB520D99218C8CC700C62FC2 /* Release */ = {
			isa = XCBuildConfiguration;
			buildSettings = {
				ASSETCATALOG_COMPILER_APPICON_NAME = AppIcon;
				CODE_SIGN_STYLE = Automatic;
				DEVELOPMENT_TEAM = 52RYH62X37;
				GCC_PREFIX_HEADER = "$(SRCROOT)/transportAnimation/PrefixHeader.pch";
				INFOPLIST_FILE = transportAnimation/Info.plist;
				LD_RUNPATH_SEARCH_PATHS = (
					"$(inherited)",
					"@executable_path/Frameworks",
				);
				PRODUCT_BUNDLE_IDENTIFIER = com.zhaojiafang.printerService.transportAnimation;
				PRODUCT_NAME = "$(TARGET_NAME)";
				TARGETED_DEVICE_FAMILY = "1,2";
			};
			name = Release;
		};
/* End XCBuildConfiguration section */

/* Begin XCConfigurationList section */
		EB520D7C218C8CC600C62FC2 /* Build configuration list for PBXProject "transportAnimation" */ = {
			isa = XCConfigurationList;
			buildConfigurations = (
				EB520D95218C8CC700C62FC2 /* Debug */,
				EB520D96218C8CC700C62FC2 /* Release */,
			);
			defaultConfigurationIsVisible = 0;
			defaultConfigurationName = Release;
		};
		EB520D97218C8CC700C62FC2 /* Build configuration list for PBXNativeTarget "transportAnimation" */ = {
			isa = XCConfigurationList;
			buildConfigurations = (
				EB520D98218C8CC700C62FC2 /* Debug */,
				EB520D99218C8CC700C62FC2 /* Release */,
			);
			defaultConfigurationIsVisible = 0;
			defaultConfigurationName = Release;
		};
/* End XCConfigurationList section */
	};
	rootObject = EB520D79218C8CC600C62FC2 /* Project object */;
}
